// !$*UTF8*$!
{
	archiveVersion = 1;
	classes = {
	};
	objectVersion = 56;
	objects = {

/* Begin PBXBuildFile section */
		DE328AFA2B06C82C0026907B /* UserPageViewModel.swift in Sources */ = {isa = PBXBuildFile; fileRef = DE328AF92B06C82C0026907B /* UserPageViewModel.swift */; };
		DE4E5E712B0BB4F800DF74C7 /* TweetView.swift in Sources */ = {isa = PBXBuildFile; fileRef = DE4E5E702B0BB4F800DF74C7 /* TweetView.swift */; };
		DE4E5E732B0BBAFF00DF74C7 /* Tweet.swift in Sources */ = {isa = PBXBuildFile; fileRef = DE4E5E722B0BBAFF00DF74C7 /* Tweet.swift */; };
		DE4E5E752B0BC0F900DF74C7 /* TweetViewModel.swift in Sources */ = {isa = PBXBuildFile; fileRef = DE4E5E742B0BC0F900DF74C7 /* TweetViewModel.swift */; };
		DE7930C32B0642BC0073A3B7 /* User.swift in Sources */ = {isa = PBXBuildFile; fileRef = DE7930C22B0642BC0073A3B7 /* User.swift */; };
		DE7930CA2B06479E0073A3B7 /* UserPageView.swift in Sources */ = {isa = PBXBuildFile; fileRef = DE7930C92B06479E0073A3B7 /* UserPageView.swift */; };
		DE7930CD2B0656920073A3B7 /* OAuthSwift in Frameworks */ = {isa = PBXBuildFile; productRef = DE7930CC2B0656920073A3B7 /* OAuthSwift */; };
		DE7930CF2B0677830073A3B7 /* MockUserData.swift in Sources */ = {isa = PBXBuildFile; fileRef = DE7930CE2B0677830073A3B7 /* MockUserData.swift */; };
		DE7930D12B0678AD0073A3B7 /* UserData.swift in Sources */ = {isa = PBXBuildFile; fileRef = DE7930D02B0678AD0073A3B7 /* UserData.swift */; };
		DE865AF12B03B4D300F2D4F1 /* TwitterCloneApp.swift in Sources */ = {isa = PBXBuildFile; fileRef = DE865AF02B03B4D300F2D4F1 /* TwitterCloneApp.swift */; };
		DE865AF32B03B4D300F2D4F1 /* TimelineView.swift in Sources */ = {isa = PBXBuildFile; fileRef = DE865AF22B03B4D300F2D4F1 /* TimelineView.swift */; };
		DE865AF52B03B4D300F2D4F1 /* Item.swift in Sources */ = {isa = PBXBuildFile; fileRef = DE865AF42B03B4D300F2D4F1 /* Item.swift */; };
		DE865AF72B03B4D500F2D4F1 /* Assets.xcassets in Resources */ = {isa = PBXBuildFile; fileRef = DE865AF62B03B4D500F2D4F1 /* Assets.xcassets */; };
		DE865AFA2B03B4D500F2D4F1 /* Preview Assets.xcassets in Resources */ = {isa = PBXBuildFile; fileRef = DE865AF92B03B4D500F2D4F1 /* Preview Assets.xcassets */; };
		DE9E2C4C2B051F1B000C4451 /* TwitterAPI.swift in Sources */ = {isa = PBXBuildFile; fileRef = DE9E2C4B2B051F1B000C4451 /* TwitterAPI.swift */; };
		DE9E2C5C2B05717C000C4451 /* SafariView.swift in Sources */ = {isa = PBXBuildFile; fileRef = DE9E2C5B2B05717C000C4451 /* SafariView.swift */; };
		DEB4238E2B07A10100FDDBE6 /* PostsView.swift in Sources */ = {isa = PBXBuildFile; fileRef = DEB4238D2B07A10100FDDBE6 /* PostsView.swift */; };
		DEB423902B07A11300FDDBE6 /* RepliesView.swift in Sources */ = {isa = PBXBuildFile; fileRef = DEB4238F2B07A11300FDDBE6 /* RepliesView.swift */; };
		DEB423922B07A11A00FDDBE6 /* HighlightsView.swift in Sources */ = {isa = PBXBuildFile; fileRef = DEB423912B07A11A00FDDBE6 /* HighlightsView.swift */; };
		DEB423942B07A12800FDDBE6 /* MediaView.swift in Sources */ = {isa = PBXBuildFile; fileRef = DEB423932B07A12800FDDBE6 /* MediaView.swift */; };
		DEB423962B07A13300FDDBE6 /* LikesView.swift in Sources */ = {isa = PBXBuildFile; fileRef = DEB423952B07A13300FDDBE6 /* LikesView.swift */; };
		DEB661FF2B081D3C003D4C3B /* TabBarView.swift in Sources */ = {isa = PBXBuildFile; fileRef = DEB661FE2B081D3C003D4C3B /* TabBarView.swift */; };
/* End PBXBuildFile section */

/* Begin PBXFileReference section */
		DE328AF92B06C82C0026907B /* UserPageViewModel.swift */ = {isa = PBXFileReference; lastKnownFileType = sourcecode.swift; path = UserPageViewModel.swift; sourceTree = "<group>"; };
		DE4E5E702B0BB4F800DF74C7 /* TweetView.swift */ = {isa = PBXFileReference; lastKnownFileType = sourcecode.swift; path = TweetView.swift; sourceTree = "<group>"; };
		DE4E5E722B0BBAFF00DF74C7 /* Tweet.swift */ = {isa = PBXFileReference; lastKnownFileType = sourcecode.swift; path = Tweet.swift; sourceTree = "<group>"; };
		DE4E5E742B0BC0F900DF74C7 /* TweetViewModel.swift */ = {isa = PBXFileReference; lastKnownFileType = sourcecode.swift; path = TweetViewModel.swift; sourceTree = "<group>"; };
		DE7930C22B0642BC0073A3B7 /* User.swift */ = {isa = PBXFileReference; lastKnownFileType = sourcecode.swift; path = User.swift; sourceTree = "<group>"; };
		DE7930C92B06479E0073A3B7 /* UserPageView.swift */ = {isa = PBXFileReference; lastKnownFileType = sourcecode.swift; path = UserPageView.swift; sourceTree = "<group>"; };
		DE7930CE2B0677830073A3B7 /* MockUserData.swift */ = {isa = PBXFileReference; lastKnownFileType = sourcecode.swift; path = MockUserData.swift; sourceTree = "<group>"; };
		DE7930D02B0678AD0073A3B7 /* UserData.swift */ = {isa = PBXFileReference; lastKnownFileType = sourcecode.swift; path = UserData.swift; sourceTree = "<group>"; };
		DE865AED2B03B4D300F2D4F1 /* TwitterClone.app */ = {isa = PBXFileReference; explicitFileType = wrapper.application; includeInIndex = 0; path = TwitterClone.app; sourceTree = BUILT_PRODUCTS_DIR; };
		DE865AF02B03B4D300F2D4F1 /* TwitterCloneApp.swift */ = {isa = PBXFileReference; lastKnownFileType = sourcecode.swift; path = TwitterCloneApp.swift; sourceTree = "<group>"; };
		DE865AF22B03B4D300F2D4F1 /* TimelineView.swift */ = {isa = PBXFileReference; lastKnownFileType = sourcecode.swift; path = TimelineView.swift; sourceTree = "<group>"; };
		DE865AF42B03B4D300F2D4F1 /* Item.swift */ = {isa = PBXFileReference; lastKnownFileType = sourcecode.swift; path = Item.swift; sourceTree = "<group>"; };
		DE865AF62B03B4D500F2D4F1 /* Assets.xcassets */ = {isa = PBXFileReference; lastKnownFileType = folder.assetcatalog; path = Assets.xcassets; sourceTree = "<group>"; };
		DE865AF92B03B4D500F2D4F1 /* Preview Assets.xcassets */ = {isa = PBXFileReference; lastKnownFileType = folder.assetcatalog; path = "Preview Assets.xcassets"; sourceTree = "<group>"; };
		DE9E2C4B2B051F1B000C4451 /* TwitterAPI.swift */ = {isa = PBXFileReference; lastKnownFileType = sourcecode.swift; path = TwitterAPI.swift; sourceTree = "<group>"; };
		DE9E2C4D2B052589000C4451 /* Info.plist */ = {isa = PBXFileReference; lastKnownFileType = text.plist; path = Info.plist; sourceTree = "<group>"; };
		DE9E2C5B2B05717C000C4451 /* SafariView.swift */ = {isa = PBXFileReference; lastKnownFileType = sourcecode.swift; path = SafariView.swift; sourceTree = "<group>"; };
		DEB4238D2B07A10100FDDBE6 /* PostsView.swift */ = {isa = PBXFileReference; lastKnownFileType = sourcecode.swift; path = PostsView.swift; sourceTree = "<group>"; };
		DEB4238F2B07A11300FDDBE6 /* RepliesView.swift */ = {isa = PBXFileReference; lastKnownFileType = sourcecode.swift; path = RepliesView.swift; sourceTree = "<group>"; };
		DEB423912B07A11A00FDDBE6 /* HighlightsView.swift */ = {isa = PBXFileReference; lastKnownFileType = sourcecode.swift; path = HighlightsView.swift; sourceTree = "<group>"; };
		DEB423932B07A12800FDDBE6 /* MediaView.swift */ = {isa = PBXFileReference; lastKnownFileType = sourcecode.swift; path = MediaView.swift; sourceTree = "<group>"; };
		DEB423952B07A13300FDDBE6 /* LikesView.swift */ = {isa = PBXFileReference; lastKnownFileType = sourcecode.swift; path = LikesView.swift; sourceTree = "<group>"; };
		DEB661FE2B081D3C003D4C3B /* TabBarView.swift */ = {isa = PBXFileReference; lastKnownFileType = sourcecode.swift; path = TabBarView.swift; sourceTree = "<group>"; };
/* End PBXFileReference section */

/* Begin PBXFrameworksBuildPhase section */
		DE865AEA2B03B4D300F2D4F1 /* Frameworks */ = {
			isa = PBXFrameworksBuildPhase;
			buildActionMask = 2147483647;
			files = (
				DE7930CD2B0656920073A3B7 /* OAuthSwift in Frameworks */,
			);
			runOnlyForDeploymentPostprocessing = 0;
		};
/* End PBXFrameworksBuildPhase section */

/* Begin PBXGroup section */
		DE7930D22B0679D30073A3B7 /* ViewModels */ = {
			isa = PBXGroup;
			children = (
				DE328AF92B06C82C0026907B /* UserPageViewModel.swift */,
				DE4E5E742B0BC0F900DF74C7 /* TweetViewModel.swift */,
			);
			path = ViewModels;
			sourceTree = "<group>";
		};
		DE865AE42B03B4D300F2D4F1 = {
			isa = PBXGroup;
			children = (
				DE865AEF2B03B4D300F2D4F1 /* TwitterClone */,
				DE865AEE2B03B4D300F2D4F1 /* Products */,
			);
			sourceTree = "<group>";
		};
		DE865AEE2B03B4D300F2D4F1 /* Products */ = {
			isa = PBXGroup;
			children = (
				DE865AED2B03B4D300F2D4F1 /* TwitterClone.app */,
			);
			name = Products;
			sourceTree = "<group>";
		};
		DE865AEF2B03B4D300F2D4F1 /* TwitterClone */ = {
			isa = PBXGroup;
			children = (
				DE9E2C4D2B052589000C4451 /* Info.plist */,
				DE865AF02B03B4D300F2D4F1 /* TwitterCloneApp.swift */,
				DE7930D22B0679D30073A3B7 /* ViewModels */,
				DE9E2C5D2B057184000C4451 /* Views */,
				DE9E2C5E2B05718D000C4451 /* Models */,
				DE9E2C522B0529D0000C4451 /* Authentication */,
				DE865AF62B03B4D500F2D4F1 /* Assets.xcassets */,
				DE865AF82B03B4D500F2D4F1 /* Preview Content */,
			);
			path = TwitterClone;
			sourceTree = "<group>";
		};
		DE865AF82B03B4D500F2D4F1 /* Preview Content */ = {
			isa = PBXGroup;
			children = (
				DE865AF92B03B4D500F2D4F1 /* Preview Assets.xcassets */,
			);
			path = "Preview Content";
			sourceTree = "<group>";
		};
		DE9E2C522B0529D0000C4451 /* Authentication */ = {
			isa = PBXGroup;
			children = (
				DE9E2C4B2B051F1B000C4451 /* TwitterAPI.swift */,
				DE7930C22B0642BC0073A3B7 /* User.swift */,
			);
			path = Authentication;
			sourceTree = "<group>";
		};
		DE9E2C5D2B057184000C4451 /* Views */ = {
			isa = PBXGroup;
			children = (
				DE865AF22B03B4D300F2D4F1 /* TimelineView.swift */,
				DE7930C92B06479E0073A3B7 /* UserPageView.swift */,
				DE4E5E702B0BB4F800DF74C7 /* TweetView.swift */,
				DEB661FE2B081D3C003D4C3B /* TabBarView.swift */,
				DEB4238D2B07A10100FDDBE6 /* PostsView.swift */,
				DEB4238F2B07A11300FDDBE6 /* RepliesView.swift */,
				DEB423912B07A11A00FDDBE6 /* HighlightsView.swift */,
				DEB423932B07A12800FDDBE6 /* MediaView.swift */,
				DEB423952B07A13300FDDBE6 /* LikesView.swift */,
				DE9E2C5B2B05717C000C4451 /* SafariView.swift */,
			);
			path = Views;
			sourceTree = "<group>";
		};
		DE9E2C5E2B05718D000C4451 /* Models */ = {
			isa = PBXGroup;
			children = (
				DE865AF42B03B4D300F2D4F1 /* Item.swift */,
				DE7930CE2B0677830073A3B7 /* MockUserData.swift */,
				DE4E5E722B0BBAFF00DF74C7 /* Tweet.swift */,
				DE7930D02B0678AD0073A3B7 /* UserData.swift */,
			);
			path = Models;
			sourceTree = "<group>";
		};
/* End PBXGroup section */

/* Begin PBXNativeTarget section */
		DE865AEC2B03B4D300F2D4F1 /* TwitterClone */ = {
			isa = PBXNativeTarget;
			buildConfigurationList = DE865AFD2B03B4D500F2D4F1 /* Build configuration list for PBXNativeTarget "TwitterClone" */;
			buildPhases = (
				DE865AE92B03B4D300F2D4F1 /* Sources */,
				DE865AEA2B03B4D300F2D4F1 /* Frameworks */,
				DE865AEB2B03B4D300F2D4F1 /* Resources */,
			);
			buildRules = (
			);
			dependencies = (
			);
			name = TwitterClone;
			packageProductDependencies = (
				DE7930CC2B0656920073A3B7 /* OAuthSwift */,
			);
			productName = TwitterClone;
			productReference = DE865AED2B03B4D300F2D4F1 /* TwitterClone.app */;
			productType = "com.apple.product-type.application";
		};
/* End PBXNativeTarget section */

/* Begin PBXProject section */
		DE865AE52B03B4D300F2D4F1 /* Project object */ = {
			isa = PBXProject;
			attributes = {
				BuildIndependentTargetsInParallel = 1;
				LastSwiftUpdateCheck = 1500;
				LastUpgradeCheck = 1500;
				TargetAttributes = {
					DE865AEC2B03B4D300F2D4F1 = {
						CreatedOnToolsVersion = 15.0;
					};
				};
			};
			buildConfigurationList = DE865AE82B03B4D300F2D4F1 /* Build configuration list for PBXProject "TwitterClone" */;
			compatibilityVersion = "Xcode 14.0";
			developmentRegion = en;
			hasScannedForEncodings = 0;
			knownRegions = (
				en,
				Base,
			);
			mainGroup = DE865AE42B03B4D300F2D4F1;
			packageReferences = (
				DE7930CB2B0656920073A3B7 /* XCRemoteSwiftPackageReference "OAuthSwift" */,
			);
			productRefGroup = DE865AEE2B03B4D300F2D4F1 /* Products */;
			projectDirPath = "";
			projectRoot = "";
			targets = (
				DE865AEC2B03B4D300F2D4F1 /* TwitterClone */,
			);
		};
/* End PBXProject section */

/* Begin PBXResourcesBuildPhase section */
		DE865AEB2B03B4D300F2D4F1 /* Resources */ = {
			isa = PBXResourcesBuildPhase;
			buildActionMask = 2147483647;
			files = (
				DE865AFA2B03B4D500F2D4F1 /* Preview Assets.xcassets in Resources */,
				DE865AF72B03B4D500F2D4F1 /* Assets.xcassets in Resources */,
			);
			runOnlyForDeploymentPostprocessing = 0;
		};
/* End PBXResourcesBuildPhase section */

/* Begin PBXSourcesBuildPhase section */
		DE865AE92B03B4D300F2D4F1 /* Sources */ = {
			isa = PBXSourcesBuildPhase;
			buildActionMask = 2147483647;
			files = (
				DE4E5E712B0BB4F800DF74C7 /* TweetView.swift in Sources */,
				DE9E2C5C2B05717C000C4451 /* SafariView.swift in Sources */,
				DE9E2C4C2B051F1B000C4451 /* TwitterAPI.swift in Sources */,
				DE4E5E732B0BBAFF00DF74C7 /* Tweet.swift in Sources */,
				DEB661FF2B081D3C003D4C3B /* TabBarView.swift in Sources */,
				DE328AFA2B06C82C0026907B /* UserPageViewModel.swift in Sources */,
				DEB423902B07A11300FDDBE6 /* RepliesView.swift in Sources */,
				DEB423962B07A13300FDDBE6 /* LikesView.swift in Sources */,
				DE7930C32B0642BC0073A3B7 /* User.swift in Sources */,
				DE865AF32B03B4D300F2D4F1 /* TimelineView.swift in Sources */,
				DE7930D12B0678AD0073A3B7 /* UserData.swift in Sources */,
				DEB423942B07A12800FDDBE6 /* MediaView.swift in Sources */,
				DEB423922B07A11A00FDDBE6 /* HighlightsView.swift in Sources */,
				DE4E5E752B0BC0F900DF74C7 /* TweetViewModel.swift in Sources */,
				DE7930CA2B06479E0073A3B7 /* UserPageView.swift in Sources */,
				DE7930CF2B0677830073A3B7 /* MockUserData.swift in Sources */,
				DE865AF52B03B4D300F2D4F1 /* Item.swift in Sources */,
				DEB4238E2B07A10100FDDBE6 /* PostsView.swift in Sources */,
				DE865AF12B03B4D300F2D4F1 /* TwitterCloneApp.swift in Sources */,
			);
			runOnlyForDeploymentPostprocessing = 0;
		};
/* End PBXSourcesBuildPhase section */

/* Begin XCBuildConfiguration section */
		DE865AFB2B03B4D500F2D4F1 /* Debug */ = {
			isa = XCBuildConfiguration;
			buildSettings = {
				ALWAYS_SEARCH_USER_PATHS = NO;
				ASSETCATALOG_COMPILER_GENERATE_SWIFT_ASSET_SYMBOL_EXTENSIONS = YES;
				CLANG_ANALYZER_NONNULL = YES;
				CLANG_ANALYZER_NUMBER_OBJECT_CONVERSION = YES_AGGRESSIVE;
				CLANG_CXX_LANGUAGE_STANDARD = "gnu++20";
				CLANG_ENABLE_MODULES = YES;
				CLANG_ENABLE_OBJC_ARC = YES;
				CLANG_ENABLE_OBJC_WEAK = YES;
				CLANG_WARN_BLOCK_CAPTURE_AUTORELEASING = YES;
				CLANG_WARN_BOOL_CONVERSION = YES;
				CLANG_WARN_COMMA = YES;
				CLANG_WARN_CONSTANT_CONVERSION = YES;
				CLANG_WARN_DEPRECATED_OBJC_IMPLEMENTATIONS = YES;
				CLANG_WARN_DIRECT_OBJC_ISA_USAGE = YES_ERROR;
				CLANG_WARN_DOCUMENTATION_COMMENTS = YES;
				CLANG_WARN_EMPTY_BODY = YES;
				CLANG_WARN_ENUM_CONVERSION = YES;
				CLANG_WARN_INFINITE_RECURSION = YES;
				CLANG_WARN_INT_CONVERSION = YES;
				CLANG_WARN_NON_LITERAL_NULL_CONVERSION = YES;
				CLANG_WARN_OBJC_IMPLICIT_RETAIN_SELF = YES;
				CLANG_WARN_OBJC_LITERAL_CONVERSION = YES;
				CLANG_WARN_OBJC_ROOT_CLASS = YES_ERROR;
				CLANG_WARN_QUOTED_INCLUDE_IN_FRAMEWORK_HEADER = YES;
				CLANG_WARN_RANGE_LOOP_ANALYSIS = YES;
				CLANG_WARN_STRICT_PROTOTYPES = YES;
				CLANG_WARN_SUSPICIOUS_MOVE = YES;
				CLANG_WARN_UNGUARDED_AVAILABILITY = YES_AGGRESSIVE;
				CLANG_WARN_UNREACHABLE_CODE = YES;
				CLANG_WARN__DUPLICATE_METHOD_MATCH = YES;
				COPY_PHASE_STRIP = NO;
				DEBUG_INFORMATION_FORMAT = dwarf;
				ENABLE_STRICT_OBJC_MSGSEND = YES;
				ENABLE_TESTABILITY = YES;
				ENABLE_USER_SCRIPT_SANDBOXING = YES;
				GCC_C_LANGUAGE_STANDARD = gnu17;
				GCC_DYNAMIC_NO_PIC = NO;
				GCC_NO_COMMON_BLOCKS = YES;
				GCC_OPTIMIZATION_LEVEL = 0;
				GCC_PREPROCESSOR_DEFINITIONS = (
					"DEBUG=1",
					"$(inherited)",
				);
				GCC_WARN_64_TO_32_BIT_CONVERSION = YES;
				GCC_WARN_ABOUT_RETURN_TYPE = YES_ERROR;
				GCC_WARN_UNDECLARED_SELECTOR = YES;
				GCC_WARN_UNINITIALIZED_AUTOS = YES_AGGRESSIVE;
				GCC_WARN_UNUSED_FUNCTION = YES;
				GCC_WARN_UNUSED_VARIABLE = YES;
				IPHONEOS_DEPLOYMENT_TARGET = 17.0;
				LOCALIZATION_PREFERS_STRING_CATALOGS = YES;
				MTL_ENABLE_DEBUG_INFO = INCLUDE_SOURCE;
				MTL_FAST_MATH = YES;
				ONLY_ACTIVE_ARCH = YES;
				SDKROOT = iphoneos;
				SWIFT_ACTIVE_COMPILATION_CONDITIONS = "DEBUG $(inherited)";
				SWIFT_OPTIMIZATION_LEVEL = "-Onone";
			};
			name = Debug;
		};
		DE865AFC2B03B4D500F2D4F1 /* Release */ = {
			isa = XCBuildConfiguration;
			buildSettings = {
				ALWAYS_SEARCH_USER_PATHS = NO;
				ASSETCATALOG_COMPILER_GENERATE_SWIFT_ASSET_SYMBOL_EXTENSIONS = YES;
				CLANG_ANALYZER_NONNULL = YES;
				CLANG_ANALYZER_NUMBER_OBJECT_CONVERSION = YES_AGGRESSIVE;
				CLANG_CXX_LANGUAGE_STANDARD = "gnu++20";
				CLANG_ENABLE_MODULES = YES;
				CLANG_ENABLE_OBJC_ARC = YES;
				CLANG_ENABLE_OBJC_WEAK = YES;
				CLANG_WARN_BLOCK_CAPTURE_AUTORELEASING = YES;
				CLANG_WARN_BOOL_CONVERSION = YES;
				CLANG_WARN_COMMA = YES;
				CLANG_WARN_CONSTANT_CONVERSION = YES;
				CLANG_WARN_DEPRECATED_OBJC_IMPLEMENTATIONS = YES;
				CLANG_WARN_DIRECT_OBJC_ISA_USAGE = YES_ERROR;
				CLANG_WARN_DOCUMENTATION_COMMENTS = YES;
				CLANG_WARN_EMPTY_BODY = YES;
				CLANG_WARN_ENUM_CONVERSION = YES;
				CLANG_WARN_INFINITE_RECURSION = YES;
				CLANG_WARN_INT_CONVERSION = YES;
				CLANG_WARN_NON_LITERAL_NULL_CONVERSION = YES;
				CLANG_WARN_OBJC_IMPLICIT_RETAIN_SELF = YES;
				CLANG_WARN_OBJC_LITERAL_CONVERSION = YES;
				CLANG_WARN_OBJC_ROOT_CLASS = YES_ERROR;
				CLANG_WARN_QUOTED_INCLUDE_IN_FRAMEWORK_HEADER = YES;
				CLANG_WARN_RANGE_LOOP_ANALYSIS = YES;
				CLANG_WARN_STRICT_PROTOTYPES = YES;
				CLANG_WARN_SUSPICIOUS_MOVE = YES;
				CLANG_WARN_UNGUARDED_AVAILABILITY = YES_AGGRESSIVE;
				CLANG_WARN_UNREACHABLE_CODE = YES;
				CLANG_WARN__DUPLICATE_METHOD_MATCH = YES;
				COPY_PHASE_STRIP = NO;
				DEBUG_INFORMATION_FORMAT = "dwarf-with-dsym";
				ENABLE_NS_ASSERTIONS = NO;
				ENABLE_STRICT_OBJC_MSGSEND = YES;
				ENABLE_USER_SCRIPT_SANDBOXING = YES;
				GCC_C_LANGUAGE_STANDARD = gnu17;
				GCC_NO_COMMON_BLOCKS = YES;
				GCC_WARN_64_TO_32_BIT_CONVERSION = YES;
				GCC_WARN_ABOUT_RETURN_TYPE = YES_ERROR;
				GCC_WARN_UNDECLARED_SELECTOR = YES;
				GCC_WARN_UNINITIALIZED_AUTOS = YES_AGGRESSIVE;
				GCC_WARN_UNUSED_FUNCTION = YES;
				GCC_WARN_UNUSED_VARIABLE = YES;
				IPHONEOS_DEPLOYMENT_TARGET = 17.0;
				LOCALIZATION_PREFERS_STRING_CATALOGS = YES;
				MTL_ENABLE_DEBUG_INFO = NO;
				MTL_FAST_MATH = YES;
				SDKROOT = iphoneos;
				SWIFT_COMPILATION_MODE = wholemodule;
				VALIDATE_PRODUCT = YES;
			};
			name = Release;
		};
		DE865AFE2B03B4D500F2D4F1 /* Debug */ = {
			isa = XCBuildConfiguration;
			buildSettings = {
				ASSETCATALOG_COMPILER_APPICON_NAME = AppIcon;
				ASSETCATALOG_COMPILER_GLOBAL_ACCENT_COLOR_NAME = AccentColor;
				CODE_SIGN_STYLE = Automatic;
				CURRENT_PROJECT_VERSION = 1;
				DEVELOPMENT_ASSET_PATHS = "\"TwitterClone/Preview Content\"";
				DEVELOPMENT_TEAM = 897SMA3ZP4;
				ENABLE_PREVIEWS = YES;
				GENERATE_INFOPLIST_FILE = YES;
				INFOPLIST_FILE = TwitterClone/Info.plist;
				INFOPLIST_KEY_UIApplicationSceneManifest_Generation = YES;
				INFOPLIST_KEY_UIApplicationSupportsIndirectInputEvents = YES;
				INFOPLIST_KEY_UILaunchScreen_Generation = YES;
				INFOPLIST_KEY_UISupportedInterfaceOrientations_iPad = "UIInterfaceOrientationPortrait UIInterfaceOrientationPortraitUpsideDown UIInterfaceOrientationLandscapeLeft UIInterfaceOrientationLandscapeRight";
				INFOPLIST_KEY_UISupportedInterfaceOrientations_iPhone = "UIInterfaceOrientationPortrait UIInterfaceOrientationLandscapeLeft UIInterfaceOrientationLandscapeRight";
				LD_RUNPATH_SEARCH_PATHS = (
					"$(inherited)",
					"@executable_path/Frameworks",
				);
				MARKETING_VERSION = 1.0;
				PRODUCT_BUNDLE_IDENTIFIER = baranov.TwitterClone;
				PRODUCT_NAME = "$(TARGET_NAME)";
				SWIFT_EMIT_LOC_STRINGS = YES;
				SWIFT_VERSION = 5.0;
				TARGETED_DEVICE_FAMILY = "1,2";
			};
			name = Debug;
		};
		DE865AFF2B03B4D500F2D4F1 /* Release */ = {
			isa = XCBuildConfiguration;
			buildSettings = {
				ASSETCATALOG_COMPILER_APPICON_NAME = AppIcon;
				ASSETCATALOG_COMPILER_GLOBAL_ACCENT_COLOR_NAME = AccentColor;
				CODE_SIGN_STYLE = Automatic;
				CURRENT_PROJECT_VERSION = 1;
				DEVELOPMENT_ASSET_PATHS = "\"TwitterClone/Preview Content\"";
				DEVELOPMENT_TEAM = 897SMA3ZP4;
				ENABLE_PREVIEWS = YES;
				GENERATE_INFOPLIST_FILE = YES;
				INFOPLIST_FILE = TwitterClone/Info.plist;
				INFOPLIST_KEY_UIApplicationSceneManifest_Generation = YES;
				INFOPLIST_KEY_UIApplicationSupportsIndirectInputEvents = YES;
				INFOPLIST_KEY_UILaunchScreen_Generation = YES;
				INFOPLIST_KEY_UISupportedInterfaceOrientations_iPad = "UIInterfaceOrientationPortrait UIInterfaceOrientationPortraitUpsideDown UIInterfaceOrientationLandscapeLeft UIInterfaceOrientationLandscapeRight";
				INFOPLIST_KEY_UISupportedInterfaceOrientations_iPhone = "UIInterfaceOrientationPortrait UIInterfaceOrientationLandscapeLeft UIInterfaceOrientationLandscapeRight";
				LD_RUNPATH_SEARCH_PATHS = (
					"$(inherited)",
					"@executable_path/Frameworks",
				);
				MARKETING_VERSION = 1.0;
				PRODUCT_BUNDLE_IDENTIFIER = baranov.TwitterClone;
				PRODUCT_NAME = "$(TARGET_NAME)";
				SWIFT_EMIT_LOC_STRINGS = YES;
				SWIFT_VERSION = 5.0;
				TARGETED_DEVICE_FAMILY = "1,2";
			};
			name = Release;
		};
/* End XCBuildConfiguration section */

/* Begin XCConfigurationList section */
		DE865AE82B03B4D300F2D4F1 /* Build configuration list for PBXProject "TwitterClone" */ = {
			isa = XCConfigurationList;
			buildConfigurations = (
				DE865AFB2B03B4D500F2D4F1 /* Debug */,
				DE865AFC2B03B4D500F2D4F1 /* Release */,
			);
			defaultConfigurationIsVisible = 0;
			defaultConfigurationName = Release;
		};
		DE865AFD2B03B4D500F2D4F1 /* Build configuration list for PBXNativeTarget "TwitterClone" */ = {
			isa = XCConfigurationList;
			buildConfigurations = (
				DE865AFE2B03B4D500F2D4F1 /* Debug */,
				DE865AFF2B03B4D500F2D4F1 /* Release */,
			);
			defaultConfigurationIsVisible = 0;
			defaultConfigurationName = Release;
		};
/* End XCConfigurationList section */

/* Begin XCRemoteSwiftPackageReference section */
		DE7930CB2B0656920073A3B7 /* XCRemoteSwiftPackageReference "OAuthSwift" */ = {
			isa = XCRemoteSwiftPackageReference;
			repositoryURL = "https://github.com/OAuthSwift/OAuthSwift.git";
			requirement = {
				kind = upToNextMajorVersion;
				minimumVersion = 2.2.0;
			};
		};
/* End XCRemoteSwiftPackageReference section */

/* Begin XCSwiftPackageProductDependency section */
		DE7930CC2B0656920073A3B7 /* OAuthSwift */ = {
			isa = XCSwiftPackageProductDependency;
			package = DE7930CB2B0656920073A3B7 /* XCRemoteSwiftPackageReference "OAuthSwift" */;
			productName = OAuthSwift;
		};
/* End XCSwiftPackageProductDependency section */
	};
	rootObject = DE865AE52B03B4D300F2D4F1 /* Project object */;
}
